// !$*UTF8*$!
{
	archiveVersion = 1;
	classes = {
	};
	objectVersion = 46;
	objects = {

/* Begin PBXBuildFile section */
		962BB27A1EE092E300ABF267 /* Utils.swift in Sources */ = {isa = PBXBuildFile; fileRef = 962BB2791EE092E300ABF267 /* Utils.swift */; };
		96DAA0EE1EC737E20007168A /* AppDelegate.swift in Sources */ = {isa = PBXBuildFile; fileRef = 96DAA0ED1EC737E20007168A /* AppDelegate.swift */; };
		96DAA0F01EC737E20007168A /* ViewController.swift in Sources */ = {isa = PBXBuildFile; fileRef = 96DAA0EF1EC737E20007168A /* ViewController.swift */; };
		96DAA0F31EC737E20007168A /* Main.storyboard in Resources */ = {isa = PBXBuildFile; fileRef = 96DAA0F11EC737E20007168A /* Main.storyboard */; };
		96DAA0F51EC737E20007168A /* Assets.xcassets in Resources */ = {isa = PBXBuildFile; fileRef = 96DAA0F41EC737E20007168A /* Assets.xcassets */; };
		96DAA0F81EC737E20007168A /* LaunchScreen.storyboard in Resources */ = {isa = PBXBuildFile; fileRef = 96DAA0F61EC737E20007168A /* LaunchScreen.storyboard */; };
/* End PBXBuildFile section */

/* Begin PBXFileReference section */
		962BB2791EE092E300ABF267 /* Utils.swift */ = {isa = PBXFileReference; fileEncoding = 4; lastKnownFileType = sourcecode.swift; path = Utils.swift; sourceTree = "<group>"; };
		96DAA0EA1EC737E20007168A /* BezierPathDemo.app */ = {isa = PBXFileReference; explicitFileType = wrapper.application; includeInIndex = 0; path = BezierPathDemo.app; sourceTree = BUILT_PRODUCTS_DIR; };
		96DAA0ED1EC737E20007168A /* AppDelegate.swift */ = {isa = PBXFileReference; lastKnownFileType = sourcecode.swift; path = AppDelegate.swift; sourceTree = "<group>"; };
		96DAA0EF1EC737E20007168A /* ViewController.swift */ = {isa = PBXFileReference; lastKnownFileType = sourcecode.swift; path = ViewController.swift; sourceTree = "<group>"; };
		96DAA0F21EC737E20007168A /* Base */ = {isa = PBXFileReference; lastKnownFileType = file.storyboard; name = Base; path = Base.lproj/Main.storyboard; sourceTree = "<group>"; };
		96DAA0F41EC737E20007168A /* Assets.xcassets */ = {isa = PBXFileReference; lastKnownFileType = folder.assetcatalog; path = Assets.xcassets; sourceTree = "<group>"; };
		96DAA0F71EC737E20007168A /* Base */ = {isa = PBXFileReference; lastKnownFileType = file.storyboard; name = Base; path = Base.lproj/LaunchScreen.storyboard; sourceTree = "<group>"; };
		96DAA0F91EC737E20007168A /* Info.plist */ = {isa = PBXFileReference; lastKnownFileType = text.plist.xml; path = Info.plist; sourceTree = "<group>"; };
/* End PBXFileReference section */

/* Begin PBXFrameworksBuildPhase section */
		96DAA0E71EC737E20007168A /* Frameworks */ = {
			isa = PBXFrameworksBuildPhase;
			buildActionMask = 2147483647;
			files = (
			);
			runOnlyForDeploymentPostprocessing = 0;
		};
/* End PBXFrameworksBuildPhase section */

/* Begin PBXGroup section */
		96DAA0E11EC737E10007168A = {
			isa = PBXGroup;
			children = (
				96DAA0EC1EC737E20007168A /* BezierPathDemo */,
				96DAA0EB1EC737E20007168A /* Products */,
			);
			sourceTree = "<group>";
		};
		96DAA0EB1EC737E20007168A /* Products */ = {
			isa = PBXGroup;
			children = (
				96DAA0EA1EC737E20007168A /* BezierPathDemo.app */,
			);
			name = Products;
			sourceTree = "<group>";
		};
		96DAA0EC1EC737E20007168A /* BezierPathDemo */ = {
			isa = PBXGroup;
			children = (
				96DAA0ED1EC737E20007168A /* AppDelegate.swift */,
				96DAA0EF1EC737E20007168A /* ViewController.swift */,
				962BB2791EE092E300ABF267 /* Utils.swift */,
				96DAA0F11EC737E20007168A /* Main.storyboard */,
				96DAA0F41EC737E20007168A /* Assets.xcassets */,
				96DAA0F61EC737E20007168A /* LaunchScreen.storyboard */,
				96DAA0F91EC737E20007168A /* Info.plist */,
			);
			path = BezierPathDemo;
			sourceTree = "<group>";
		};
/* End PBXGroup section */

/* Begin PBXNativeTarget section */
		96DAA0E91EC737E20007168A /* BezierPathDemo */ = {
			isa = PBXNativeTarget;
			buildConfigurationList = 96DAA0FC1EC737E20007168A /* Build configuration list for PBXNativeTarget "BezierPathDemo" */;
			buildPhases = (
				96DAA0E61EC737E20007168A /* Sources */,
				96DAA0E71EC737E20007168A /* Frameworks */,
				96DAA0E81EC737E20007168A /* Resources */,
			);
			buildRules = (
			);
			dependencies = (
			);
			name = BezierPathDemo;
			productName = BezierPathDemo;
			productReference = 96DAA0EA1EC737E20007168A /* BezierPathDemo.app */;
			productType = "com.apple.product-type.application";
		};
/* End PBXNativeTarget section */

/* Begin PBXProject section */
		96DAA0E21EC737E10007168A /* Project object */ = {
			isa = PBXProject;
			attributes = {
				LastSwiftUpdateCheck = 0830;
				LastUpgradeCheck = 0830;
				ORGANIZATIONNAME = Shas;
				TargetAttributes = {
					96DAA0E91EC737E20007168A = {
						CreatedOnToolsVersion = 8.3.2;
						ProvisioningStyle = Automatic;
					};
				};
			};
			buildConfigurationList = 96DAA0E51EC737E10007168A /* Build configuration list for PBXProject "BezierPathDemo" */;
			compatibilityVersion = "Xcode 3.2";
			developmentRegion = English;
			hasScannedForEncodings = 0;
			knownRegions = (
				en,
				Base,
			);
			mainGroup = 96DAA0E11EC737E10007168A;
			productRefGroup = 96DAA0EB1EC737E20007168A /* Products */;
			projectDirPath = "";
			projectRoot = "";
			targets = (
				96DAA0E91EC737E20007168A /* BezierPathDemo */,
			);
		};
/* End PBXProject section */

/* Begin PBXResourcesBuildPhase section */
		96DAA0E81EC737E20007168A /* Resources */ = {
			isa = PBXResourcesBuildPhase;
			buildActionMask = 2147483647;
			files = (
				96DAA0F81EC737E20007168A /* LaunchScreen.storyboard in Resources */,
				96DAA0F51EC737E20007168A /* Assets.xcassets in Resources */,
				96DAA0F31EC737E20007168A /* Main.storyboard in Resources */,
			);
			runOnlyForDeploymentPostprocessing = 0;
		};
/* End PBXResourcesBuildPhase section */

/* Begin PBXSourcesBuildPhase section */
		96DAA0E61EC737E20007168A /* Sources */ = {
			isa = PBXSourcesBuildPhase;
			buildActionMask = 2147483647;
			files = (
				96DAA0F01EC737E20007168A /* ViewController.swift in Sources */,
				96DAA0EE1EC737E20007168A /* AppDelegate.swift in Sources */,
				962BB27A1EE092E300ABF267 /* Utils.swift in Sources */,
			);
			runOnlyForDeploymentPostprocessing = 0;
		};
/* End PBXSourcesBuildPhase section */

/* Begin PBXVariantGroup section */
		96DAA0F11EC737E20007168A /* Main.storyboard */ = {
			isa = PBXVariantGroup;
			children = (
				96DAA0F21EC737E20007168A /* Base */,
			);
			name = Main.storyboard;
			sourceTree = "<group>";
		};
		96DAA0F61EC737E20007168A /* LaunchScreen.storyboard */ = {
			isa = PBXVariantGroup;
			children = (
				96DAA0F71EC737E20007168A /* Base */,
			);
			name = LaunchScreen.storyboard;
			sourceTree = "<group>";
		};
/* End PBXVariantGroup section */

/* Begin XCBuildConfiguration section */
		96DAA0FA1EC737E20007168A /* Debug */ = {
			isa = XCBuildConfiguration;
			buildSettings = {
				ALWAYS_SEARCH_USER_PATHS = NO;
				CLANG_ANALYZER_NONNULL = YES;
				CLANG_ANALYZER_NUMBER_OBJECT_CONVERSION = YES_AGGRESSIVE;
				CLANG_CXX_LANGUAGE_STANDARD = "gnu++0x";
				CLANG_CXX_LIBRARY = "libc++";
				CLANG_ENABLE_MODULES = YES;
				CLANG_ENABLE_OBJC_ARC = YES;
				CLANG_WARN_BOOL_CONVERSION = YES;
				CLANG_WARN_CONSTANT_CONVERSION = YES;
				CLANG_WARN_DIRECT_OBJC_ISA_USAGE = YES_ERROR;
				CLANG_WARN_DOCUMENTATION_COMMENTS = YES;
				CLANG_WARN_EMPTY_BODY = YES;
				CLANG_WARN_ENUM_CONVERSION = YES;
				CLANG_WARN_INFINITE_RECURSION = YES;
				CLANG_WARN_INT_CONVERSION = YES;
				CLANG_WARN_OBJC_ROOT_CLASS = YES_ERROR;
				CLANG_WARN_SUSPICIOUS_MOVE = YES;
				CLANG_WARN_UNREACHABLE_CODE = YES;
				CLANG_WARN__DUPLICATE_METHOD_MATCH = YES;
				"CODE_SIGN_IDENTITY[sdk=iphoneos*]" = "iPhone Developer";
				COPY_PHASE_STRIP = NO;
				DEBUG_INFORMATION_FORMAT = dwarf;
				ENABLE_STRICT_OBJC_MSGSEND = YES;
				ENABLE_TESTABILITY = YES;
				GCC_C_LANGUAGE_STANDARD = gnu99;
				GCC_DYNAMIC_NO_PIC = NO;
				GCC_NO_COMMON_BLOCKS = YES;
				GCC_OPTIMIZATION_LEVEL = 0;
				GCC_PREPROCESSOR_DEFINITIONS = (
					"DEBUG=1",
					"$(inherited)",
				);
				GCC_WARN_64_TO_32_BIT_CONVERSION = YES;
				GCC_WARN_ABOUT_RETURN_TYPE = YES_ERROR;
				GCC_WARN_UNDECLARED_SELECTOR = YES;
				GCC_WARN_UNINITIALIZED_AUTOS = YES_AGGRESSIVE;
				GCC_WARN_UNUSED_FUNCTION = YES;
				GCC_WARN_UNUSED_VARIABLE = YES;
				IPHONEOS_DEPLOYMENT_TARGET = 10.3;
				MTL_ENABLE_DEBUG_INFO = YES;
				ONLY_ACTIVE_ARCH = YES;
				SDKROOT = iphoneos;
				SWIFT_ACTIVE_COMPILATION_CONDITIONS = DEBUG;
				SWIFT_OPTIMIZATION_LEVEL = "-Onone";
			};
			name = Debug;
		};
		96DAA0FB1EC737E20007168A /* Release */ = {
			isa = XCBuildConfiguration;
			buildSettings = {
				ALWAYS_SEARCH_USER_PATHS = NO;
				CLANG_ANALYZER_NONNULL = YES;
				CLANG_ANALYZER_NUMBER_OBJECT_CONVERSION = YES_AGGRESSIVE;
				CLANG_CXX_LANGUAGE_STANDARD = "gnu++0x";
				CLANG_CXX_LIBRARY = "libc++";
				CLANG_ENABLE_MODULES = YES;
				CLANG_ENABLE_OBJC_ARC = YES;
				CLANG_WARN_BOOL_CONVERSION = YES;
				CLANG_WARN_CONSTANT_CONVERSION = YES;
				CLANG_WARN_DIRECT_OBJC_ISA_USAGE = YES_ERROR;
				CLANG_WARN_DOCUMENTATION_COMMENTS = YES;
				CLANG_WARN_EMPTY_BODY = YES;
				CLANG_WARN_ENUM_CONVERSION = YES;
				CLANG_WARN_INFINITE_RECURSION = YES;
				CLANG_WARN_INT_CONVERSION = YES;
				CLANG_WARN_OBJC_ROOT_CLASS = YES_ERROR;
				CLANG_WARN_SUSPICIOUS_MOVE = YES;
				CLANG_WARN_UNREACHABLE_CODE = YES;
				CLANG_WARN__DUPLICATE_METHOD_MATCH = YES;
				"CODE_SIGN_IDENTITY[sdk=iphoneos*]" = "iPhone Developer";
				COPY_PHASE_STRIP = NO;
				DEBUG_INFORMATION_FORMAT = "dwarf-with-dsym";
				ENABLE_NS_ASSERTIONS = NO;
				ENABLE_STRICT_OBJC_MSGSEND = YES;
				GCC_C_LANGUAGE_STANDARD = gnu99;
				GCC_NO_COMMON_BLOCKS = YES;
				GCC_WARN_64_TO_32_BIT_CONVERSION = YES;
				GCC_WARN_ABOUT_RETURN_TYPE = YES_ERROR;
				GCC_WARN_UNDECLARED_SELECTOR = YES;
				GCC_WARN_UNINITIALIZED_AUTOS = YES_AGGRESSIVE;
				GCC_WARN_UNUSED_FUNCTION = YES;
				GCC_WARN_UNUSED_VARIABLE = YES;
				IPHONEOS_DEPLOYMENT_TARGET = 10.3;
				MTL_ENABLE_DEBUG_INFO = NO;
				SDKROOT = iphoneos;
				SWIFT_OPTIMIZATION_LEVEL = "-Owholemodule";
				VALIDATE_PRODUCT = YES;
			};
			name = Release;
		};
		96DAA0FD1EC737E20007168A /* Debug */ = {
			isa = XCBuildConfiguration;
			buildSettings = {
				ASSETCATALOG_COMPILER_APPICON_NAME = AppIcon;
				INFOPLIST_FILE = BezierPathDemo/Info.plist;
				LD_RUNPATH_SEARCH_PATHS = "$(inherited) @executable_path/Frameworks";
				PRODUCT_BUNDLE_IDENTIFIER = "O-1-.BezierPathDemo";
				PRODUCT_NAME = "$(TARGET_NAME)";
				SWIFT_VERSION = 3.0;
			};
			name = Debug;
		};
		96DAA0FE1EC737E20007168A /* Release */ = {
			isa = XCBuildConfiguration;
			buildSettings = {
				ASSETCATALOG_COMPILER_APPICON_NAME = AppIcon;
				INFOPLIST_FILE = BezierPathDemo/Info.plist;
				LD_RUNPATH_SEARCH_PATHS = "$(inherited) @executable_path/Frameworks";
				PRODUCT_BUNDLE_IDENTIFIER = "O-1-.BezierPathDemo";
				PRODUCT_NAME = "$(TARGET_NAME)";
				SWIFT_VERSION = 3.0;
			};
			name = Release;
		};
/* End XCBuildConfiguration section */

/* Begin XCConfigurationList section */
		96DAA0E51EC737E10007168A /* Build configuration list for PBXProject "BezierPathDemo" */ = {
			isa = XCConfigurationList;
			buildConfigurations = (
				96DAA0FA1EC737E20007168A /* Debug */,
				96DAA0FB1EC737E20007168A /* Release */,
			);
			defaultConfigurationIsVisible = 0;
			defaultConfigurationName = Release;
		};
		96DAA0FC1EC737E20007168A /* Build configuration list for PBXNativeTarget "BezierPathDemo" */ = {
			isa = XCConfigurationList;
			buildConfigurations = (
				96DAA0FD1EC737E20007168A /* Debug */,
				96DAA0FE1EC737E20007168A /* Release */,
			);
			defaultConfigurationIsVisible = 0;
			defaultConfigurationName = Release;
		};
/* End XCConfigurationList section */
	};
	rootObject = 96DAA0E21EC737E10007168A /* Project object */;
}
